
Microsoft Visual Studio Solution File, Format Version 12.00
# Visual Studio Version 17
VisualStudioVersion = 17.13.35825.156
MinimumVisualStudioVersion = 10.0.40219.1
Project("{FAE04EC0-301F-11D3-BF4B-00C04F79EFBC}") = "BlogProject", "BlogProject\BlogProject.csproj", "{1B8708EC-DD53-4572-C342-CDA483E31387}"
EndProject
Project("{FAE04EC0-301F-11D3-BF4B-00C04F79EFBC}") = "API", "API\API.csproj", "{CBFA08EA-AECE-205F-7B85-326FD0B81BAD}"
EndProject
Global
	GlobalSection(SolutionConfigurationPlatforms) = preSolution
		Debug|Any CPU = Debug|Any CPU
		Release|Any CPU = Release|Any CPU
	EndGlobalSection
	GlobalSection(ProjectConfigurationPlatforms) = postSolution
		{1B8708EC-DD53-4572-C342-CDA483E31387}.Debug|Any CPU.ActiveCfg = Debug|Any CPU
		{1B8708EC-DD53-4572-C342-CDA483E31387}.Debug|Any CPU.Build.0 = Debug|Any CPU
		{1B8708EC-DD53-4572-C342-CDA483E31387}.Release|Any CPU.ActiveCfg = Release|Any CPU
		{1B8708EC-DD53-4572-C342-CDA483E31387}.Release|Any CPU.Build.0 = Release|Any CPU
		{CBFA08EA-AECE-205F-7B85-326FD0B81BAD}.Debug|Any CPU.ActiveCfg = Debug|Any CPU
		{CBFA08EA-AECE-205F-7B85-326FD0B81BAD}.Debug|Any CPU.Build.0 = Debug|Any CPU
		{CBFA08EA-AECE-205F-7B85-326FD0B81BAD}.Release|Any CPU.ActiveCfg = Release|Any CPU
		{CBFA08EA-AECE-205F-7B85-326FD0B81BAD}.Release|Any CPU.Build.0 = Release|Any CPU
	EndGlobalSection
	GlobalSection(SolutionProperties) = preSolution
		HideSolutionNode = FALSE
	EndGlobalSection
	GlobalSection(ExtensibilityGlobals) = postSolution
		SolutionGuid = {CD88A831-5F5C-4BB4-A15D-79A60E583AC5}
	EndGlobalSection
EndGlobal
